
Microsoft Visual Studio Solution File, Format Version 12.00
# Visual Studio Version 17
VisualStudioVersion = 17.5.002.0
MinimumVisualStudioVersion = 10.0.40219.1
Project("{2150E333-8FDC-42A3-9474-1A3956D46DE8}") = "task05", "task05", "{1EEB15E4-0FBC-447F-978C-1BE0692E0B8C}"
EndProject
Project("{2150E333-8FDC-42A3-9474-1A3956D46DE8}") = "dnapp", "dnapp", "{3C9D5961-F3F6-43DE-95D0-242637C898F6}"
EndProject
Project("{2150E333-8FDC-42A3-9474-1A3956D46DE8}") = "lambdas", "lambdas", "{C4EB88CD-52A8-49CA-B3C7-804C6955E750}"
EndProject
Project("{9A19103F-16F7-4668-BE54-9A1E7A4F7556}") = "Function", "task05\dnapp\lambdas\api_handler\Function.csproj", "{F47F971F-983D-41EB-B0C2-A33CA4B1A7B3}"
EndProject
Global
	GlobalSection(SolutionConfigurationPlatforms) = preSolution
		Debug|Any CPU = Debug|Any CPU
		Release|Any CPU = Release|Any CPU
	EndGlobalSection
	GlobalSection(ProjectConfigurationPlatforms) = postSolution
		{F47F971F-983D-41EB-B0C2-A33CA4B1A7B3}.Debug|Any CPU.ActiveCfg = Debug|Any CPU
		{F47F971F-983D-41EB-B0C2-A33CA4B1A7B3}.Debug|Any CPU.Build.0 = Debug|Any CPU
		{F47F971F-983D-41EB-B0C2-A33CA4B1A7B3}.Release|Any CPU.ActiveCfg = Release|Any CPU
		{F47F971F-983D-41EB-B0C2-A33CA4B1A7B3}.Release|Any CPU.Build.0 = Release|Any CPU
	EndGlobalSection
	GlobalSection(SolutionProperties) = preSolution
		HideSolutionNode = FALSE
	EndGlobalSection
	GlobalSection(NestedProjects) = preSolution
		{3C9D5961-F3F6-43DE-95D0-242637C898F6} = {1EEB15E4-0FBC-447F-978C-1BE0692E0B8C}
		{C4EB88CD-52A8-49CA-B3C7-804C6955E750} = {3C9D5961-F3F6-43DE-95D0-242637C898F6}
		{F47F971F-983D-41EB-B0C2-A33CA4B1A7B3} = {C4EB88CD-52A8-49CA-B3C7-804C6955E750}
	EndGlobalSection
	GlobalSection(ExtensibilityGlobals) = postSolution
		SolutionGuid = {687A4F42-20DF-49FE-BDC7-6662643ADE5A}
	EndGlobalSection
EndGlobal
